// !$*UTF8*$!
{
	archiveVersion = 1;
	classes = {
	};
	objectVersion = 46;
	objects = {

/* Begin PBXBuildFile section */
		BC3DFFBD1E1AEFBB0024CF6E /* AppDelegate.swift in Sources */ = {isa = PBXBuildFile; fileRef = BC3DFFBC1E1AEFBB0024CF6E /* AppDelegate.swift */; };
		BC3DFFBF1E1AEFBB0024CF6E /* ViewController.swift in Sources */ = {isa = PBXBuildFile; fileRef = BC3DFFBE1E1AEFBB0024CF6E /* ViewController.swift */; };
		BC3DFFC21E1AEFBB0024CF6E /* Main.storyboard in Resources */ = {isa = PBXBuildFile; fileRef = BC3DFFC01E1AEFBB0024CF6E /* Main.storyboard */; };
		BC3DFFC51E1AEFBB0024CF6E /* StanfordCalculator.xcdatamodeld in Sources */ = {isa = PBXBuildFile; fileRef = BC3DFFC31E1AEFBB0024CF6E /* StanfordCalculator.xcdatamodeld */; };
		BC3DFFC71E1AEFBB0024CF6E /* Assets.xcassets in Resources */ = {isa = PBXBuildFile; fileRef = BC3DFFC61E1AEFBB0024CF6E /* Assets.xcassets */; };
		BC3DFFCA1E1AEFBB0024CF6E /* LaunchScreen.storyboard in Resources */ = {isa = PBXBuildFile; fileRef = BC3DFFC81E1AEFBB0024CF6E /* LaunchScreen.storyboard */; };
		BC3DFFD51E1AEFBB0024CF6E /* StanfordCalculatorTests.swift in Sources */ = {isa = PBXBuildFile; fileRef = BC3DFFD41E1AEFBB0024CF6E /* StanfordCalculatorTests.swift */; };
		BC3DFFE01E1AEFBB0024CF6E /* StanfordCalculatorUITests.swift in Sources */ = {isa = PBXBuildFile; fileRef = BC3DFFDF1E1AEFBB0024CF6E /* StanfordCalculatorUITests.swift */; };
		BCD9AD9F1E1C394D00F6F27E /* CalculatorBrain.swift in Sources */ = {isa = PBXBuildFile; fileRef = BCD9AD9E1E1C394D00F6F27E /* CalculatorBrain.swift */; };
/* End PBXBuildFile section */

/* Begin PBXContainerItemProxy section */
		BC3DFFD11E1AEFBB0024CF6E /* PBXContainerItemProxy */ = {
			isa = PBXContainerItemProxy;
			containerPortal = BC3DFFB11E1AEFBB0024CF6E /* Project object */;
			proxyType = 1;
			remoteGlobalIDString = BC3DFFB81E1AEFBB0024CF6E;
			remoteInfo = StanfordCalculator;
		};
		BC3DFFDC1E1AEFBB0024CF6E /* PBXContainerItemProxy */ = {
			isa = PBXContainerItemProxy;
			containerPortal = BC3DFFB11E1AEFBB0024CF6E /* Project object */;
			proxyType = 1;
			remoteGlobalIDString = BC3DFFB81E1AEFBB0024CF6E;
			remoteInfo = StanfordCalculator;
		};
/* End PBXContainerItemProxy section */

/* Begin PBXFileReference section */
		BC3DFFB91E1AEFBB0024CF6E /* StanfordCalculator.app */ = {isa = PBXFileReference; explicitFileType = wrapper.application; includeInIndex = 0; path = StanfordCalculator.app; sourceTree = BUILT_PRODUCTS_DIR; };
		BC3DFFBC1E1AEFBB0024CF6E /* AppDelegate.swift */ = {isa = PBXFileReference; lastKnownFileType = sourcecode.swift; path = AppDelegate.swift; sourceTree = "<group>"; };
		BC3DFFBE1E1AEFBB0024CF6E /* ViewController.swift */ = {isa = PBXFileReference; lastKnownFileType = sourcecode.swift; path = ViewController.swift; sourceTree = "<group>"; };
		BC3DFFC11E1AEFBB0024CF6E /* Base */ = {isa = PBXFileReference; lastKnownFileType = file.storyboard; name = Base; path = Base.lproj/Main.storyboard; sourceTree = "<group>"; };
		BC3DFFC41E1AEFBB0024CF6E /* StanfordCalculator.xcdatamodel */ = {isa = PBXFileReference; lastKnownFileType = wrapper.xcdatamodel; path = StanfordCalculator.xcdatamodel; sourceTree = "<group>"; };
		BC3DFFC61E1AEFBB0024CF6E /* Assets.xcassets */ = {isa = PBXFileReference; lastKnownFileType = folder.assetcatalog; path = Assets.xcassets; sourceTree = "<group>"; };
		BC3DFFC91E1AEFBB0024CF6E /* Base */ = {isa = PBXFileReference; lastKnownFileType = file.storyboard; name = Base; path = Base.lproj/LaunchScreen.storyboard; sourceTree = "<group>"; };
		BC3DFFCB1E1AEFBB0024CF6E /* Info.plist */ = {isa = PBXFileReference; lastKnownFileType = text.plist.xml; path = Info.plist; sourceTree = "<group>"; };
		BC3DFFD01E1AEFBB0024CF6E /* StanfordCalculatorTests.xctest */ = {isa = PBXFileReference; explicitFileType = wrapper.cfbundle; includeInIndex = 0; path = StanfordCalculatorTests.xctest; sourceTree = BUILT_PRODUCTS_DIR; };
		BC3DFFD41E1AEFBB0024CF6E /* StanfordCalculatorTests.swift */ = {isa = PBXFileReference; lastKnownFileType = sourcecode.swift; path = StanfordCalculatorTests.swift; sourceTree = "<group>"; };
		BC3DFFD61E1AEFBB0024CF6E /* Info.plist */ = {isa = PBXFileReference; lastKnownFileType = text.plist.xml; path = Info.plist; sourceTree = "<group>"; };
		BC3DFFDB1E1AEFBB0024CF6E /* StanfordCalculatorUITests.xctest */ = {isa = PBXFileReference; explicitFileType = wrapper.cfbundle; includeInIndex = 0; path = StanfordCalculatorUITests.xctest; sourceTree = BUILT_PRODUCTS_DIR; };
		BC3DFFDF1E1AEFBB0024CF6E /* StanfordCalculatorUITests.swift */ = {isa = PBXFileReference; lastKnownFileType = sourcecode.swift; path = StanfordCalculatorUITests.swift; sourceTree = "<group>"; };
		BC3DFFE11E1AEFBB0024CF6E /* Info.plist */ = {isa = PBXFileReference; lastKnownFileType = text.plist.xml; path = Info.plist; sourceTree = "<group>"; };
		BCD9AD9E1E1C394D00F6F27E /* CalculatorBrain.swift */ = {isa = PBXFileReference; fileEncoding = 4; lastKnownFileType = sourcecode.swift; path = CalculatorBrain.swift; sourceTree = "<group>"; };
/* End PBXFileReference section */

/* Begin PBXFrameworksBuildPhase section */
		BC3DFFB61E1AEFBB0024CF6E /* Frameworks */ = {
			isa = PBXFrameworksBuildPhase;
			buildActionMask = 2147483647;
			files = (
			);
			runOnlyForDeploymentPostprocessing = 0;
		};
		BC3DFFCD1E1AEFBB0024CF6E /* Frameworks */ = {
			isa = PBXFrameworksBuildPhase;
			buildActionMask = 2147483647;
			files = (
			);
			runOnlyForDeploymentPostprocessing = 0;
		};
		BC3DFFD81E1AEFBB0024CF6E /* Frameworks */ = {
			isa = PBXFrameworksBuildPhase;
			buildActionMask = 2147483647;
			files = (
			);
			runOnlyForDeploymentPostprocessing = 0;
		};
/* End PBXFrameworksBuildPhase section */

/* Begin PBXGroup section */
		BC3DFFB01E1AEFBB0024CF6E = {
			isa = PBXGroup;
			children = (
				BC3DFFBB1E1AEFBB0024CF6E /* StanfordCalculator */,
				BC3DFFD31E1AEFBB0024CF6E /* StanfordCalculatorTests */,
				BC3DFFDE1E1AEFBB0024CF6E /* StanfordCalculatorUITests */,
				BC3DFFBA1E1AEFBB0024CF6E /* Products */,
			);
			sourceTree = "<group>";
		};
		BC3DFFBA1E1AEFBB0024CF6E /* Products */ = {
			isa = PBXGroup;
			children = (
				BC3DFFB91E1AEFBB0024CF6E /* StanfordCalculator.app */,
				BC3DFFD01E1AEFBB0024CF6E /* StanfordCalculatorTests.xctest */,
				BC3DFFDB1E1AEFBB0024CF6E /* StanfordCalculatorUITests.xctest */,
			);
			name = Products;
			sourceTree = "<group>";
		};
		BC3DFFBB1E1AEFBB0024CF6E /* StanfordCalculator */ = {
			isa = PBXGroup;
			children = (
				BC3DFFBC1E1AEFBB0024CF6E /* AppDelegate.swift */,
				BC3DFFBE1E1AEFBB0024CF6E /* ViewController.swift */,
				BCD9AD9E1E1C394D00F6F27E /* CalculatorBrain.swift */,
				BC3DFFC01E1AEFBB0024CF6E /* Main.storyboard */,
				BC3DFFC61E1AEFBB0024CF6E /* Assets.xcassets */,
				BC3DFFC81E1AEFBB0024CF6E /* LaunchScreen.storyboard */,
				BC3DFFCB1E1AEFBB0024CF6E /* Info.plist */,
				BC3DFFC31E1AEFBB0024CF6E /* StanfordCalculator.xcdatamodeld */,
			);
			path = StanfordCalculator;
			sourceTree = "<group>";
		};
		BC3DFFD31E1AEFBB0024CF6E /* StanfordCalculatorTests */ = {
			isa = PBXGroup;
			children = (
				BC3DFFD41E1AEFBB0024CF6E /* StanfordCalculatorTests.swift */,
				BC3DFFD61E1AEFBB0024CF6E /* Info.plist */,
			);
			path = StanfordCalculatorTests;
			sourceTree = "<group>";
		};
		BC3DFFDE1E1AEFBB0024CF6E /* StanfordCalculatorUITests */ = {
			isa = PBXGroup;
			children = (
				BC3DFFDF1E1AEFBB0024CF6E /* StanfordCalculatorUITests.swift */,
				BC3DFFE11E1AEFBB0024CF6E /* Info.plist */,
			);
			path = StanfordCalculatorUITests;
			sourceTree = "<group>";
		};
/* End PBXGroup section */

/* Begin PBXNativeTarget section */
		BC3DFFB81E1AEFBB0024CF6E /* StanfordCalculator */ = {
			isa = PBXNativeTarget;
			buildConfigurationList = BC3DFFE41E1AEFBB0024CF6E /* Build configuration list for PBXNativeTarget "StanfordCalculator" */;
			buildPhases = (
				BC3DFFB51E1AEFBB0024CF6E /* Sources */,
				BC3DFFB61E1AEFBB0024CF6E /* Frameworks */,
				BC3DFFB71E1AEFBB0024CF6E /* Resources */,
			);
			buildRules = (
			);
			dependencies = (
			);
			name = StanfordCalculator;
			productName = StanfordCalculator;
			productReference = BC3DFFB91E1AEFBB0024CF6E /* StanfordCalculator.app */;
			productType = "com.apple.product-type.application";
		};
		BC3DFFCF1E1AEFBB0024CF6E /* StanfordCalculatorTests */ = {
			isa = PBXNativeTarget;
			buildConfigurationList = BC3DFFE71E1AEFBB0024CF6E /* Build configuration list for PBXNativeTarget "StanfordCalculatorTests" */;
			buildPhases = (
				BC3DFFCC1E1AEFBB0024CF6E /* Sources */,
				BC3DFFCD1E1AEFBB0024CF6E /* Frameworks */,
				BC3DFFCE1E1AEFBB0024CF6E /* Resources */,
			);
			buildRules = (
			);
			dependencies = (
				BC3DFFD21E1AEFBB0024CF6E /* PBXTargetDependency */,
			);
			name = StanfordCalculatorTests;
			productName = StanfordCalculatorTests;
			productReference = BC3DFFD01E1AEFBB0024CF6E /* StanfordCalculatorTests.xctest */;
			productType = "com.apple.product-type.bundle.unit-test";
		};
		BC3DFFDA1E1AEFBB0024CF6E /* StanfordCalculatorUITests */ = {
			isa = PBXNativeTarget;
			buildConfigurationList = BC3DFFEA1E1AEFBB0024CF6E /* Build configuration list for PBXNativeTarget "StanfordCalculatorUITests" */;
			buildPhases = (
				BC3DFFD71E1AEFBB0024CF6E /* Sources */,
				BC3DFFD81E1AEFBB0024CF6E /* Frameworks */,
				BC3DFFD91E1AEFBB0024CF6E /* Resources */,
			);
			buildRules = (
			);
			dependencies = (
				BC3DFFDD1E1AEFBB0024CF6E /* PBXTargetDependency */,
			);
			name = StanfordCalculatorUITests;
			productName = StanfordCalculatorUITests;
			productReference = BC3DFFDB1E1AEFBB0024CF6E /* StanfordCalculatorUITests.xctest */;
			productType = "com.apple.product-type.bundle.ui-testing";
		};
/* End PBXNativeTarget section */

/* Begin PBXProject section */
		BC3DFFB11E1AEFBB0024CF6E /* Project object */ = {
			isa = PBXProject;
			attributes = {
				LastSwiftUpdateCheck = 0810;
				LastUpgradeCheck = 0820;
				ORGANIZATIONNAME = "brendan woods";
				TargetAttributes = {
					BC3DFFB81E1AEFBB0024CF6E = {
						CreatedOnToolsVersion = 8.1;
						DevelopmentTeam = VEQC3TC385;
						ProvisioningStyle = Automatic;
					};
					BC3DFFCF1E1AEFBB0024CF6E = {
						CreatedOnToolsVersion = 8.1;
						ProvisioningStyle = Automatic;
						TestTargetID = BC3DFFB81E1AEFBB0024CF6E;
					};
					BC3DFFDA1E1AEFBB0024CF6E = {
						CreatedOnToolsVersion = 8.1;
						ProvisioningStyle = Automatic;
						TestTargetID = BC3DFFB81E1AEFBB0024CF6E;
					};
				};
			};
			buildConfigurationList = BC3DFFB41E1AEFBB0024CF6E /* Build configuration list for PBXProject "StanfordCalculator" */;
			compatibilityVersion = "Xcode 3.2";
			developmentRegion = English;
			hasScannedForEncodings = 0;
			knownRegions = (
				en,
				Base,
			);
			mainGroup = BC3DFFB01E1AEFBB0024CF6E;
			productRefGroup = BC3DFFBA1E1AEFBB0024CF6E /* Products */;
			projectDirPath = "";
			projectRoot = "";
			targets = (
				BC3DFFB81E1AEFBB0024CF6E /* StanfordCalculator */,
				BC3DFFCF1E1AEFBB0024CF6E /* StanfordCalculatorTests */,
				BC3DFFDA1E1AEFBB0024CF6E /* StanfordCalculatorUITests */,
			);
		};
/* End PBXProject section */

/* Begin PBXResourcesBuildPhase section */
		BC3DFFB71E1AEFBB0024CF6E /* Resources */ = {
			isa = PBXResourcesBuildPhase;
			buildActionMask = 2147483647;
			files = (
				BC3DFFCA1E1AEFBB0024CF6E /* LaunchScreen.storyboard in Resources */,
				BC3DFFC71E1AEFBB0024CF6E /* Assets.xcassets in Resources */,
				BC3DFFC21E1AEFBB0024CF6E /* Main.storyboard in Resources */,
			);
			runOnlyForDeploymentPostprocessing = 0;
		};
		BC3DFFCE1E1AEFBB0024CF6E /* Resources */ = {
			isa = PBXResourcesBuildPhase;
			buildActionMask = 2147483647;
			files = (
			);
			runOnlyForDeploymentPostprocessing = 0;
		};
		BC3DFFD91E1AEFBB0024CF6E /* Resources */ = {
			isa = PBXResourcesBuildPhase;
			buildActionMask = 2147483647;
			files = (
			);
			runOnlyForDeploymentPostprocessing = 0;
		};
/* End PBXResourcesBuildPhase section */

/* Begin PBXSourcesBuildPhase section */
		BC3DFFB51E1AEFBB0024CF6E /* Sources */ = {
			isa = PBXSourcesBuildPhase;
			buildActionMask = 2147483647;
			files = (
				BC3DFFBF1E1AEFBB0024CF6E /* ViewController.swift in Sources */,
				BC3DFFC51E1AEFBB0024CF6E /* StanfordCalculator.xcdatamodeld in Sources */,
				BCD9AD9F1E1C394D00F6F27E /* CalculatorBrain.swift in Sources */,
				BC3DFFBD1E1AEFBB0024CF6E /* AppDelegate.swift in Sources */,
			);
			runOnlyForDeploymentPostprocessing = 0;
		};
		BC3DFFCC1E1AEFBB0024CF6E /* Sources */ = {
			isa = PBXSourcesBuildPhase;
			buildActionMask = 2147483647;
			files = (
				BC3DFFD51E1AEFBB0024CF6E /* StanfordCalculatorTests.swift in Sources */,
			);
			runOnlyForDeploymentPostprocessing = 0;
		};
		BC3DFFD71E1AEFBB0024CF6E /* Sources */ = {
			isa = PBXSourcesBuildPhase;
			buildActionMask = 2147483647;
			files = (
				BC3DFFE01E1AEFBB0024CF6E /* StanfordCalculatorUITests.swift in Sources */,
			);
			runOnlyForDeploymentPostprocessing = 0;
		};
/* End PBXSourcesBuildPhase section */

/* Begin PBXTargetDependency section */
		BC3DFFD21E1AEFBB0024CF6E /* PBXTargetDependency */ = {
			isa = PBXTargetDependency;
			target = BC3DFFB81E1AEFBB0024CF6E /* StanfordCalculator */;
			targetProxy = BC3DFFD11E1AEFBB0024CF6E /* PBXContainerItemProxy */;
		};
		BC3DFFDD1E1AEFBB0024CF6E /* PBXTargetDependency */ = {
			isa = PBXTargetDependency;
			target = BC3DFFB81E1AEFBB0024CF6E /* StanfordCalculator */;
			targetProxy = BC3DFFDC1E1AEFBB0024CF6E /* PBXContainerItemProxy */;
		};
/* End PBXTargetDependency section */

/* Begin PBXVariantGroup section */
		BC3DFFC01E1AEFBB0024CF6E /* Main.storyboard */ = {
			isa = PBXVariantGroup;
			children = (
				BC3DFFC11E1AEFBB0024CF6E /* Base */,
			);
			name = Main.storyboard;
			sourceTree = "<group>";
		};
		BC3DFFC81E1AEFBB0024CF6E /* LaunchScreen.storyboard */ = {
			isa = PBXVariantGroup;
			children = (
				BC3DFFC91E1AEFBB0024CF6E /* Base */,
			);
			name = LaunchScreen.storyboard;
			sourceTree = "<group>";
		};
/* End PBXVariantGroup section */

/* Begin XCBuildConfiguration section */
		BC3DFFE21E1AEFBB0024CF6E /* Debug */ = {
			isa = XCBuildConfiguration;
			buildSettings = {
				ALWAYS_SEARCH_USER_PATHS = NO;
				CLANG_ANALYZER_NONNULL = YES;
				CLANG_CXX_LANGUAGE_STANDARD = "gnu++0x";
				CLANG_CXX_LIBRARY = "libc++";
				CLANG_ENABLE_MODULES = YES;
				CLANG_ENABLE_OBJC_ARC = YES;
				CLANG_WARN_BOOL_CONVERSION = YES;
				CLANG_WARN_CONSTANT_CONVERSION = YES;
				CLANG_WARN_DIRECT_OBJC_ISA_USAGE = YES_ERROR;
				CLANG_WARN_DOCUMENTATION_COMMENTS = YES;
				CLANG_WARN_EMPTY_BODY = YES;
				CLANG_WARN_ENUM_CONVERSION = YES;
				CLANG_WARN_INFINITE_RECURSION = YES;
				CLANG_WARN_INT_CONVERSION = YES;
				CLANG_WARN_OBJC_ROOT_CLASS = YES_ERROR;
				CLANG_WARN_SUSPICIOUS_MOVE = YES;
				CLANG_WARN_SUSPICIOUS_MOVES = YES;
				CLANG_WARN_UNREACHABLE_CODE = YES;
				CLANG_WARN__DUPLICATE_METHOD_MATCH = YES;
				"CODE_SIGN_IDENTITY[sdk=iphoneos*]" = "iPhone Developer";
				COPY_PHASE_STRIP = NO;
				DEBUG_INFORMATION_FORMAT = dwarf;
				ENABLE_STRICT_OBJC_MSGSEND = YES;
				ENABLE_TESTABILITY = YES;
				GCC_C_LANGUAGE_STANDARD = gnu99;
				GCC_DYNAMIC_NO_PIC = NO;
				GCC_NO_COMMON_BLOCKS = YES;
				GCC_OPTIMIZATION_LEVEL = 0;
				GCC_PREPROCESSOR_DEFINITIONS = (
					"DEBUG=1",
					"$(inherited)",
				);
				GCC_WARN_64_TO_32_BIT_CONVERSION = YES;
				GCC_WARN_ABOUT_RETURN_TYPE = YES_ERROR;
				GCC_WARN_UNDECLARED_SELECTOR = YES;
				GCC_WARN_UNINITIALIZED_AUTOS = YES_AGGRESSIVE;
				GCC_WARN_UNUSED_FUNCTION = YES;
				GCC_WARN_UNUSED_VARIABLE = YES;
				IPHONEOS_DEPLOYMENT_TARGET = 10.1;
				MTL_ENABLE_DEBUG_INFO = YES;
				ONLY_ACTIVE_ARCH = YES;
				SDKROOT = iphoneos;
				SWIFT_ACTIVE_COMPILATION_CONDITIONS = DEBUG;
				SWIFT_OPTIMIZATION_LEVEL = "-Onone";
				TARGETED_DEVICE_FAMILY = "1,2";
			};
			name = Debug;
		};
		BC3DFFE31E1AEFBB0024CF6E /* Release */ = {
			isa = XCBuildConfiguration;
			buildSettings = {
				ALWAYS_SEARCH_USER_PATHS = NO;
				CLANG_ANALYZER_NONNULL = YES;
				CLANG_CXX_LANGUAGE_STANDARD = "gnu++0x";
				CLANG_CXX_LIBRARY = "libc++";
				CLANG_ENABLE_MODULES = YES;
				CLANG_ENABLE_OBJC_ARC = YES;
				CLANG_WARN_BOOL_CONVERSION = YES;
				CLANG_WARN_CONSTANT_CONVERSION = YES;
				CLANG_WARN_DIRECT_OBJC_ISA_USAGE = YES_ERROR;
				CLANG_WARN_DOCUMENTATION_COMMENTS = YES;
				CLANG_WARN_EMPTY_BODY = YES;
				CLANG_WARN_ENUM_CONVERSION = YES;
				CLANG_WARN_INFINITE_RECURSION = YES;
				CLANG_WARN_INT_CONVERSION = YES;
				CLANG_WARN_OBJC_ROOT_CLASS = YES_ERROR;
				CLANG_WARN_SUSPICIOUS_MOVE = YES;
				CLANG_WARN_SUSPICIOUS_MOVES = YES;
				CLANG_WARN_UNREACHABLE_CODE = YES;
				CLANG_WARN__DUPLICATE_METHOD_MATCH = YES;
				"CODE_SIGN_IDENTITY[sdk=iphoneos*]" = "iPhone Developer";
				COPY_PHASE_STRIP = NO;
				DEBUG_INFORMATION_FORMAT = "dwarf-with-dsym";
				ENABLE_NS_ASSERTIONS = NO;
				ENABLE_STRICT_OBJC_MSGSEND = YES;
				GCC_C_LANGUAGE_STANDARD = gnu99;
				GCC_NO_COMMON_BLOCKS = YES;
				GCC_WARN_64_TO_32_BIT_CONVERSION = YES;
				GCC_WARN_ABOUT_RETURN_TYPE = YES_ERROR;
				GCC_WARN_UNDECLARED_SELECTOR = YES;
				GCC_WARN_UNINITIALIZED_AUTOS = YES_AGGRESSIVE;
				GCC_WARN_UNUSED_FUNCTION = YES;
				GCC_WARN_UNUSED_VARIABLE = YES;
				IPHONEOS_DEPLOYMENT_TARGET = 10.1;
				MTL_ENABLE_DEBUG_INFO = NO;
				SDKROOT = iphoneos;
				SWIFT_OPTIMIZATION_LEVEL = "-Owholemodule";
				TARGETED_DEVICE_FAMILY = "1,2";
				VALIDATE_PRODUCT = YES;
			};
			name = Release;
		};
		BC3DFFE51E1AEFBB0024CF6E /* Debug */ = {
			isa = XCBuildConfiguration;
			buildSettings = {
				ASSETCATALOG_COMPILER_APPICON_NAME = AppIcon;
				DEVELOPMENT_TEAM = VEQC3TC385;
				INFOPLIST_FILE = StanfordCalculator/Info.plist;
				LD_RUNPATH_SEARCH_PATHS = "$(inherited) @executable_path/Frameworks";
				PRODUCT_BUNDLE_IDENTIFIER = com.brendanwoods.StanfordCalculator;
				PRODUCT_NAME = "$(TARGET_NAME)";
				SWIFT_VERSION = 3.0;
			};
			name = Debug;
		};
		BC3DFFE61E1AEFBB0024CF6E /* Release */ = {
			isa = XCBuildConfiguration;
			buildSettings = {
				ASSETCATALOG_COMPILER_APPICON_NAME = AppIcon;
				DEVELOPMENT_TEAM = VEQC3TC385;
				INFOPLIST_FILE = StanfordCalculator/Info.plist;
				LD_RUNPATH_SEARCH_PATHS = "$(inherited) @executable_path/Frameworks";
				PRODUCT_BUNDLE_IDENTIFIER = com.brendanwoods.StanfordCalculator;
				PRODUCT_NAME = "$(TARGET_NAME)";
				SWIFT_VERSION = 3.0;
			};
			name = Release;
		};
		BC3DFFE81E1AEFBB0024CF6E /* Debug */ = {
			isa = XCBuildConfiguration;
			buildSettings = {
				ALWAYS_EMBED_SWIFT_STANDARD_LIBRARIES = YES;
				BUNDLE_LOADER = "$(TEST_HOST)";
				INFOPLIST_FILE = StanfordCalculatorTests/Info.plist;
				LD_RUNPATH_SEARCH_PATHS = "$(inherited) @executable_path/Frameworks @loader_path/Frameworks";
				PRODUCT_BUNDLE_IDENTIFIER = com.brendanwoods.StanfordCalculatorTests;
				PRODUCT_NAME = "$(TARGET_NAME)";
				SWIFT_VERSION = 3.0;
				TEST_HOST = "$(BUILT_PRODUCTS_DIR)/StanfordCalculator.app/StanfordCalculator";
			};
			name = Debug;
		};
		BC3DFFE91E1AEFBB0024CF6E /* Release */ = {
			isa = XCBuildConfiguration;
			buildSettings = {
				ALWAYS_EMBED_SWIFT_STANDARD_LIBRARIES = YES;
				BUNDLE_LOADER = "$(TEST_HOST)";
				INFOPLIST_FILE = StanfordCalculatorTests/Info.plist;
				LD_RUNPATH_SEARCH_PATHS = "$(inherited) @executable_path/Frameworks @loader_path/Frameworks";
				PRODUCT_BUNDLE_IDENTIFIER = com.brendanwoods.StanfordCalculatorTests;
				PRODUCT_NAME = "$(TARGET_NAME)";
				SWIFT_VERSION = 3.0;
				TEST_HOST = "$(BUILT_PRODUCTS_DIR)/StanfordCalculator.app/StanfordCalculator";
			};
			name = Release;
		};
		BC3DFFEB1E1AEFBB0024CF6E /* Debug */ = {
			isa = XCBuildConfiguration;
			buildSettings = {
				ALWAYS_EMBED_SWIFT_STANDARD_LIBRARIES = YES;
				INFOPLIST_FILE = StanfordCalculatorUITests/Info.plist;
				LD_RUNPATH_SEARCH_PATHS = "$(inherited) @executable_path/Frameworks @loader_path/Frameworks";
				PRODUCT_BUNDLE_IDENTIFIER = com.brendanwoods.StanfordCalculatorUITests;
				PRODUCT_NAME = "$(TARGET_NAME)";
				SWIFT_VERSION = 3.0;
				TEST_TARGET_NAME = StanfordCalculator;
			};
			name = Debug;
		};
		BC3DFFEC1E1AEFBB0024CF6E /* Release */ = {
			isa = XCBuildConfiguration;
			buildSettings = {
				ALWAYS_EMBED_SWIFT_STANDARD_LIBRARIES = YES;
				INFOPLIST_FILE = StanfordCalculatorUITests/Info.plist;
				LD_RUNPATH_SEARCH_PATHS = "$(inherited) @executable_path/Frameworks @loader_path/Frameworks";
				PRODUCT_BUNDLE_IDENTIFIER = com.brendanwoods.StanfordCalculatorUITests;
				PRODUCT_NAME = "$(TARGET_NAME)";
				SWIFT_VERSION = 3.0;
				TEST_TARGET_NAME = StanfordCalculator;
			};
			name = Release;
		};
/* End XCBuildConfiguration section */

/* Begin XCConfigurationList section */
		BC3DFFB41E1AEFBB0024CF6E /* Build configuration list for PBXProject "StanfordCalculator" */ = {
			isa = XCConfigurationList;
			buildConfigurations = (
				BC3DFFE21E1AEFBB0024CF6E /* Debug */,
				BC3DFFE31E1AEFBB0024CF6E /* Release */,
			);
			defaultConfigurationIsVisible = 0;
			defaultConfigurationName = Release;
		};
		BC3DFFE41E1AEFBB0024CF6E /* Build configuration list for PBXNativeTarget "StanfordCalculator" */ = {
			isa = XCConfigurationList;
			buildConfigurations = (
				BC3DFFE51E1AEFBB0024CF6E /* Debug */,
				BC3DFFE61E1AEFBB0024CF6E /* Release */,
			);
			defaultConfigurationIsVisible = 0;
			defaultConfigurationName = Release;
		};
		BC3DFFE71E1AEFBB0024CF6E /* Build configuration list for PBXNativeTarget "StanfordCalculatorTests" */ = {
			isa = XCConfigurationList;
			buildConfigurations = (
				BC3DFFE81E1AEFBB0024CF6E /* Debug */,
				BC3DFFE91E1AEFBB0024CF6E /* Release */,
			);
			defaultConfigurationIsVisible = 0;
			defaultConfigurationName = Release;
		};
		BC3DFFEA1E1AEFBB0024CF6E /* Build configuration list for PBXNativeTarget "StanfordCalculatorUITests" */ = {
			isa = XCConfigurationList;
			buildConfigurations = (
				BC3DFFEB1E1AEFBB0024CF6E /* Debug */,
				BC3DFFEC1E1AEFBB0024CF6E /* Release */,
			);
			defaultConfigurationIsVisible = 0;
			defaultConfigurationName = Release;
		};
/* End XCConfigurationList section */

/* Begin XCVersionGroup section */
		BC3DFFC31E1AEFBB0024CF6E /* StanfordCalculator.xcdatamodeld */ = {
			isa = XCVersionGroup;
			children = (
				BC3DFFC41E1AEFBB0024CF6E /* StanfordCalculator.xcdatamodel */,
			);
			currentVersion = BC3DFFC41E1AEFBB0024CF6E /* StanfordCalculator.xcdatamodel */;
			path = StanfordCalculator.xcdatamodeld;
			sourceTree = "<group>";
			versionGroupType = wrapper.xcdatamodel;
		};
/* End XCVersionGroup section */
	};
	rootObject = BC3DFFB11E1AEFBB0024CF6E /* Project object */;
}
